
Microsoft Visual Studio Solution File, Format Version 12.00
# Visual Studio 15
VisualStudioVersion = 15.0.33529.398
MinimumVisualStudioVersion = 10.0.40219.1
Project("{2150E333-8FDC-42A3-9474-1A3956D46DE8}") = "0_thirdparty", "0_thirdparty", "{2095730A-9686-401C-B48A-0C2E09925036}"
EndProject
Project("{8BC9CEB8-8B4A-11D0-8D11-00A0C91BC942}") = "libhiredis", "thirdparty\hiredis\libhiredis.vcxproj", "{13E85053-54B3-487B-8DDB-3430B1C1B3BF}"
EndProject
Project("{8BC9CEB8-8B4A-11D0-8D11-00A0C91BC942}") = "libWin32_Interop", "thirdparty\Win32_Interop\libWin32_Interop.vcxproj", "{8C07F811-C81C-432C-B334-1AE6FAECF951}"
EndProject
Project("{8BC9CEB8-8B4A-11D0-8D11-00A0C91BC942}") = "libredis", "thirdparty\redis-3.0.504\libredis.vcxproj", "{A78DCBC4-077B-4884-A7F4-D9AF70EDB538}"
EndProject
Project("{2150E333-8FDC-42A3-9474-1A3956D46DE8}") = "0_lib", "0_lib", "{DCF77A17-7F1A-424A-BA34-9A938745FA67}"
EndProject
Project("{8BC9CEB8-8B4A-11D0-8D11-00A0C91BC942}") = "libjemalloc", "thirdparty\jemalloc-3.6.0\libjemalloc.vcxproj", "{F16C9FC5-D169-4F4D-8AD8-C0B9C6460DA1}"
EndProject
Project("{2150E333-8FDC-42A3-9474-1A3956D46DE8}") = "1_demo", "1_demo", "{09C8BE07-AA12-42D1-8283-A0882B54F7EE}"
EndProject
Project("{8BC9CEB8-8B4A-11D0-8D11-00A0C91BC942}") = "RedisBenchmark", "demo\RedisBenchmark\RedisBenchmark.vcxproj", "{6BDAC08E-24D6-4079-AB12-9D84B419E660}"
EndProject
Project("{8BC9CEB8-8B4A-11D0-8D11-00A0C91BC942}") = "redis-check-aof", "demo\RedisCheckAof\redis-check-aof.vcxproj", "{05F67A2F-E259-4EED-9886-2D03B64BCB80}"
EndProject
Project("{8BC9CEB8-8B4A-11D0-8D11-00A0C91BC942}") = "RedisCheckDump", "demo\RedisCheckDump\RedisCheckDump.vcxproj", "{25BCE850-4D4C-4353-AA96-8B8916D776BE}"
EndProject
Project("{8BC9CEB8-8B4A-11D0-8D11-00A0C91BC942}") = "RedisServer", "thirdparty\redis-3.0.504\RedisServer.vcxproj", "{5F69E1CD-7C78-4CAF-9552-A1060CB786F3}"
EndProject
Project("{8BC9CEB8-8B4A-11D0-8D11-00A0C91BC942}") = "liblua", "thirdparty\lua-5.1\liblua.vcxproj", "{170B0909-5F75-467F-9501-C99DEC16C6DC}"
EndProject
Global
	GlobalSection(SolutionConfigurationPlatforms) = preSolution
		Debug|x64 = Debug|x64
		Release|x64 = Release|x64
	EndGlobalSection
	GlobalSection(ProjectConfigurationPlatforms) = postSolution
		{13E85053-54B3-487B-8DDB-3430B1C1B3BF}.Debug|x64.ActiveCfg = Debug|x64
		{13E85053-54B3-487B-8DDB-3430B1C1B3BF}.Debug|x64.Build.0 = Debug|x64
		{13E85053-54B3-487B-8DDB-3430B1C1B3BF}.Release|x64.ActiveCfg = Release|x64
		{13E85053-54B3-487B-8DDB-3430B1C1B3BF}.Release|x64.Build.0 = Release|x64
		{8C07F811-C81C-432C-B334-1AE6FAECF951}.Debug|x64.ActiveCfg = Debug|x64
		{8C07F811-C81C-432C-B334-1AE6FAECF951}.Debug|x64.Build.0 = Debug|x64
		{8C07F811-C81C-432C-B334-1AE6FAECF951}.Release|x64.ActiveCfg = Release|x64
		{8C07F811-C81C-432C-B334-1AE6FAECF951}.Release|x64.Build.0 = Release|x64
		{A78DCBC4-077B-4884-A7F4-D9AF70EDB538}.Debug|x64.ActiveCfg = Debug|x64
		{A78DCBC4-077B-4884-A7F4-D9AF70EDB538}.Debug|x64.Build.0 = Debug|x64
		{A78DCBC4-077B-4884-A7F4-D9AF70EDB538}.Release|x64.ActiveCfg = Release|x64
		{A78DCBC4-077B-4884-A7F4-D9AF70EDB538}.Release|x64.Build.0 = Release|x64
		{F16C9FC5-D169-4F4D-8AD8-C0B9C6460DA1}.Debug|x64.ActiveCfg = Debug|x64
		{F16C9FC5-D169-4F4D-8AD8-C0B9C6460DA1}.Debug|x64.Build.0 = Debug|x64
		{F16C9FC5-D169-4F4D-8AD8-C0B9C6460DA1}.Release|x64.ActiveCfg = Release|x64
		{F16C9FC5-D169-4F4D-8AD8-C0B9C6460DA1}.Release|x64.Build.0 = Release|x64
		{6BDAC08E-24D6-4079-AB12-9D84B419E660}.Debug|x64.ActiveCfg = Debug|x64
		{6BDAC08E-24D6-4079-AB12-9D84B419E660}.Debug|x64.Build.0 = Debug|x64
		{6BDAC08E-24D6-4079-AB12-9D84B419E660}.Release|x64.ActiveCfg = Release|x64
		{6BDAC08E-24D6-4079-AB12-9D84B419E660}.Release|x64.Build.0 = Release|x64
		{05F67A2F-E259-4EED-9886-2D03B64BCB80}.Debug|x64.ActiveCfg = Debug|x64
		{05F67A2F-E259-4EED-9886-2D03B64BCB80}.Debug|x64.Build.0 = Debug|x64
		{05F67A2F-E259-4EED-9886-2D03B64BCB80}.Release|x64.ActiveCfg = Release|x64
		{05F67A2F-E259-4EED-9886-2D03B64BCB80}.Release|x64.Build.0 = Release|x64
		{25BCE850-4D4C-4353-AA96-8B8916D776BE}.Debug|x64.ActiveCfg = Debug|x64
		{25BCE850-4D4C-4353-AA96-8B8916D776BE}.Debug|x64.Build.0 = Debug|x64
		{25BCE850-4D4C-4353-AA96-8B8916D776BE}.Release|x64.ActiveCfg = Release|x64
		{25BCE850-4D4C-4353-AA96-8B8916D776BE}.Release|x64.Build.0 = Release|x64
		{5F69E1CD-7C78-4CAF-9552-A1060CB786F3}.Debug|x64.ActiveCfg = Debug|x64
		{5F69E1CD-7C78-4CAF-9552-A1060CB786F3}.Debug|x64.Build.0 = Debug|x64
		{5F69E1CD-7C78-4CAF-9552-A1060CB786F3}.Release|x64.ActiveCfg = Release|x64
		{5F69E1CD-7C78-4CAF-9552-A1060CB786F3}.Release|x64.Build.0 = Release|x64
		{170B0909-5F75-467F-9501-C99DEC16C6DC}.Debug|x64.ActiveCfg = Debug|x64
		{170B0909-5F75-467F-9501-C99DEC16C6DC}.Debug|x64.Build.0 = Debug|x64
		{170B0909-5F75-467F-9501-C99DEC16C6DC}.Release|x64.ActiveCfg = Release|x64
		{170B0909-5F75-467F-9501-C99DEC16C6DC}.Release|x64.Build.0 = Release|x64
	EndGlobalSection
	GlobalSection(SolutionProperties) = preSolution
		HideSolutionNode = FALSE
	EndGlobalSection
	GlobalSection(NestedProjects) = preSolution
		{13E85053-54B3-487B-8DDB-3430B1C1B3BF} = {DCF77A17-7F1A-424A-BA34-9A938745FA67}
		{8C07F811-C81C-432C-B334-1AE6FAECF951} = {DCF77A17-7F1A-424A-BA34-9A938745FA67}
		{A78DCBC4-077B-4884-A7F4-D9AF70EDB538} = {DCF77A17-7F1A-424A-BA34-9A938745FA67}
		{DCF77A17-7F1A-424A-BA34-9A938745FA67} = {2095730A-9686-401C-B48A-0C2E09925036}
		{F16C9FC5-D169-4F4D-8AD8-C0B9C6460DA1} = {DCF77A17-7F1A-424A-BA34-9A938745FA67}
		{6BDAC08E-24D6-4079-AB12-9D84B419E660} = {09C8BE07-AA12-42D1-8283-A0882B54F7EE}
		{05F67A2F-E259-4EED-9886-2D03B64BCB80} = {09C8BE07-AA12-42D1-8283-A0882B54F7EE}
		{25BCE850-4D4C-4353-AA96-8B8916D776BE} = {09C8BE07-AA12-42D1-8283-A0882B54F7EE}
		{5F69E1CD-7C78-4CAF-9552-A1060CB786F3} = {09C8BE07-AA12-42D1-8283-A0882B54F7EE}
		{170B0909-5F75-467F-9501-C99DEC16C6DC} = {DCF77A17-7F1A-424A-BA34-9A938745FA67}
	EndGlobalSection
	GlobalSection(ExtensibilityGlobals) = postSolution
		SolutionGuid = {0A8CEE52-492A-4393-9DD8-1A14948800DE}
	EndGlobalSection
EndGlobal
